
Microsoft Visual Studio Solution File, Format Version 12.00
# Visual Studio Version 17
VisualStudioVersion = 17.5.33627.172
MinimumVisualStudioVersion = 10.0.40219.1
Project("{2150E333-8FDC-42A3-9474-1A3956D46DE8}") = "Core", "Core", "{C89252AA-D264-461F-971A-126AD871849D}"
EndProject
Project("{2150E333-8FDC-42A3-9474-1A3956D46DE8}") = "Infrastructure", "Infrastructure", "{326AFE7D-9ED0-423C-BF50-37ED9ECA33FB}"
EndProject
Project("{2150E333-8FDC-42A3-9474-1A3956D46DE8}") = "Presentation", "Presentation", "{AA4BF303-1EA3-4CAF-883B-9D28F710895F}"
EndProject
Project("{FAE04EC0-301F-11D3-BF4B-00C04F79EFBC}") = "Domain", "Domain\Domain.csproj", "{D5B087E1-2D7D-45D5-BB61-9949086E6376}"
EndProject
Project("{FAE04EC0-301F-11D3-BF4B-00C04F79EFBC}") = "Application", "Application\Application.csproj", "{C1EA5776-8539-4691-B8CE-B7E2A31C87DE}"
EndProject
Project("{FAE04EC0-301F-11D3-BF4B-00C04F79EFBC}") = "Persistence", "Persistence\Persistence.csproj", "{097C11F2-3D9D-4763-80EB-796A795DDF1D}"
EndProject
Project("{FAE04EC0-301F-11D3-BF4B-00C04F79EFBC}") = "WebApi", "WebApi\WebApi.csproj", "{540E9AEF-8893-46A5-A729-E515AFB451B3}"
EndProject
Global
	GlobalSection(SolutionConfigurationPlatforms) = preSolution
		Debug|Any CPU = Debug|Any CPU
		Release|Any CPU = Release|Any CPU
	EndGlobalSection
	GlobalSection(ProjectConfigurationPlatforms) = postSolution
		{D5B087E1-2D7D-45D5-BB61-9949086E6376}.Debug|Any CPU.ActiveCfg = Debug|Any CPU
		{D5B087E1-2D7D-45D5-BB61-9949086E6376}.Debug|Any CPU.Build.0 = Debug|Any CPU
		{D5B087E1-2D7D-45D5-BB61-9949086E6376}.Release|Any CPU.ActiveCfg = Release|Any CPU
		{D5B087E1-2D7D-45D5-BB61-9949086E6376}.Release|Any CPU.Build.0 = Release|Any CPU
		{C1EA5776-8539-4691-B8CE-B7E2A31C87DE}.Debug|Any CPU.ActiveCfg = Debug|Any CPU
		{C1EA5776-8539-4691-B8CE-B7E2A31C87DE}.Debug|Any CPU.Build.0 = Debug|Any CPU
		{C1EA5776-8539-4691-B8CE-B7E2A31C87DE}.Release|Any CPU.ActiveCfg = Release|Any CPU
		{C1EA5776-8539-4691-B8CE-B7E2A31C87DE}.Release|Any CPU.Build.0 = Release|Any CPU
		{097C11F2-3D9D-4763-80EB-796A795DDF1D}.Debug|Any CPU.ActiveCfg = Debug|Any CPU
		{097C11F2-3D9D-4763-80EB-796A795DDF1D}.Debug|Any CPU.Build.0 = Debug|Any CPU
		{097C11F2-3D9D-4763-80EB-796A795DDF1D}.Release|Any CPU.ActiveCfg = Release|Any CPU
		{097C11F2-3D9D-4763-80EB-796A795DDF1D}.Release|Any CPU.Build.0 = Release|Any CPU
		{540E9AEF-8893-46A5-A729-E515AFB451B3}.Debug|Any CPU.ActiveCfg = Debug|Any CPU
		{540E9AEF-8893-46A5-A729-E515AFB451B3}.Debug|Any CPU.Build.0 = Debug|Any CPU
		{540E9AEF-8893-46A5-A729-E515AFB451B3}.Release|Any CPU.ActiveCfg = Release|Any CPU
		{540E9AEF-8893-46A5-A729-E515AFB451B3}.Release|Any CPU.Build.0 = Release|Any CPU
	EndGlobalSection
	GlobalSection(SolutionProperties) = preSolution
		HideSolutionNode = FALSE
	EndGlobalSection
	GlobalSection(NestedProjects) = preSolution
		{D5B087E1-2D7D-45D5-BB61-9949086E6376} = {C89252AA-D264-461F-971A-126AD871849D}
		{C1EA5776-8539-4691-B8CE-B7E2A31C87DE} = {C89252AA-D264-461F-971A-126AD871849D}
		{097C11F2-3D9D-4763-80EB-796A795DDF1D} = {326AFE7D-9ED0-423C-BF50-37ED9ECA33FB}
		{540E9AEF-8893-46A5-A729-E515AFB451B3} = {AA4BF303-1EA3-4CAF-883B-9D28F710895F}
	EndGlobalSection
	GlobalSection(ExtensibilityGlobals) = postSolution
		SolutionGuid = {1178982F-26A3-427D-A057-2E67FDCE4794}
	EndGlobalSection
EndGlobal
